{
  "version": 4,
  "terraform_version": "1.5.5",
  "serial": 283,
  "lineage": "294af634-0f84-c4d2-51eb-2819787f0727",
  "outputs": {},
  "resources": [
    {
      "mode": "managed",
      "type": "oci_core_security_list",
      "name": "public-security-list",
      "provider": "provider[\"registry.terraform.io/oracle/oci\"]",
      "instances": [
        {
          "schema_version": 0,
          "attributes": {
            "compartment_id": "ocid1.tenancy.oc1..aaaaaaaadvly5puguykzz35s7ixu3uxaftvcyqwuk7s23s57gn25nse7ey5q",
            "defined_tags": {
              "Oracle-Tags.CreatedBy": "default/alejillolopera@hotmail.com",
              "Oracle-Tags.CreatedOn": "2023-08-20T18:39:44.586Z"
            },
            "display_name": "sl-subredpub",
            "egress_security_rules": [],
            "freeform_tags": {},
            "id": "ocid1.securitylist.oc1.phx.aaaaaaaann6pwdg57huuzfpurtgzimvj6432v2ozbsetgzqpntwaffbiaoza",
            "ingress_security_rules": [],
            "state": "AVAILABLE",
            "time_created": "2023-08-20 18:39:44.633 +0000 UTC",
            "timeouts": null,
            "vcn_id": "ocid1.vcn.oc1.phx.amaaaaaa76s4kxqayctrqv4anogmnmvoh4ze2eu5vsygthwj4w55wd4ypxdq"
          },
          "sensitive_attributes": [],
          "private": "eyJlMmJmYjczMC1lY2FhLTExZTYtOGY4OC0zNDM2M2JjN2M0YzAiOnsiY3JlYXRlIjoxMjAwMDAwMDAwMDAwLCJkZWxldGUiOjEyMDAwMDAwMDAwMDAsInVwZGF0ZSI6MTIwMDAwMDAwMDAwMH19",
          "dependencies": [
            "module.vcn.oci_core_vcn.vcn"
          ]
        }
      ]
    },
    {
      "mode": "managed",
      "type": "oci_core_subnet",
      "name": "test_subnet",
      "provider": "provider[\"registry.terraform.io/oracle/oci\"]",
      "instances": [
        {
          "schema_version": 0,
          "attributes": {
            "availability_domain": null,
            "cidr_block": "10.0.1.0/24",
            "compartment_id": "ocid1.compartment.oc1..aaaaaaaas2j62n7ij4soayhlbezqzngwazedpc6mqheyblaxsut6sosejlbq",
            "defined_tags": {
              "Oracle-Tags.CreatedBy": "default/alejillolopera@hotmail.com",
              "Oracle-Tags.CreatedOn": "2023-08-20T18:39:44.547Z"
            },
            "dhcp_options_id": "ocid1.dhcpoptions.oc1.phx.aaaaaaaayhw6ffcptmdybrblhyovvwynr54f35hei52apmdh2xnag5nyfebq",
            "display_name": "subredprivada",
            "dns_label": null,
            "freeform_tags": {},
            "id": "ocid1.subnet.oc1.phx.aaaaaaaazvmunabvo22qb55dju2jydtr4w55yxoep5jguhn33yny5nxou2na",
            "ipv6cidr_block": null,
            "ipv6cidr_blocks": [],
            "ipv6virtual_router_ip": null,
            "prohibit_internet_ingress": true,
            "prohibit_public_ip_on_vnic": true,
            "route_table_id": "ocid1.routetable.oc1.phx.aaaaaaaajeyh3h3pkbwhqyyj4zuqnujrkaxynxqudh7ibiwg2amamjo66fta",
            "security_list_ids": [
              "ocid1.securitylist.oc1.phx.aaaaaaaadoramtic4wqh6f74smrg5vtf3ixfnyhq5eginoj2mrkvtxligovq"
            ],
            "state": "AVAILABLE",
            "subnet_domain_name": null,
            "time_created": "2023-08-20 18:39:44.635 +0000 UTC",
            "timeouts": null,
            "vcn_id": "ocid1.vcn.oc1.phx.amaaaaaa76s4kxqayctrqv4anogmnmvoh4ze2eu5vsygthwj4w55wd4ypxdq",
            "virtual_router_ip": "10.0.1.1",
            "virtual_router_mac": "00:00:17:0C:17:FA"
          },
          "sensitive_attributes": [],
          "private": "eyJlMmJmYjczMC1lY2FhLTExZTYtOGY4OC0zNDM2M2JjN2M0YzAiOnsiY3JlYXRlIjoxMjAwMDAwMDAwMDAwLCJkZWxldGUiOjEyMDAwMDAwMDAwMDAsInVwZGF0ZSI6MTIwMDAwMDAwMDAwMH19",
          "dependencies": [
            "module.vcn.oci_core_vcn.vcn"
          ]
        }
      ]
    },
    {
      "mode": "managed",
      "type": "oci_core_subnet",
      "name": "vcn-public-subnet",
      "provider": "provider[\"registry.terraform.io/oracle/oci\"]",
      "instances": [
        {
          "schema_version": 0,
          "attributes": {
            "availability_domain": null,
            "cidr_block": "10.0.0.0/24",
            "compartment_id": "ocid1.compartment.oc1..aaaaaaaas2j62n7ij4soayhlbezqzngwazedpc6mqheyblaxsut6sosejlbq",
            "defined_tags": {
              "Oracle-Tags.CreatedBy": "default/alejillolopera@hotmail.com",
              "Oracle-Tags.CreatedOn": "2023-08-20T18:39:46.468Z"
            },
            "dhcp_options_id": "ocid1.dhcpoptions.oc1.phx.aaaaaaaayhw6ffcptmdybrblhyovvwynr54f35hei52apmdh2xnag5nyfebq",
            "display_name": "subredpublic",
            "dns_label": null,
            "freeform_tags": {},
            "id": "ocid1.subnet.oc1.phx.aaaaaaaajpikyjsevdxtyo3jitfyzdvmb6lbomryavjcmros54dai24dj3aa",
            "ipv6cidr_block": null,
            "ipv6cidr_blocks": [],
            "ipv6virtual_router_ip": null,
            "prohibit_internet_ingress": false,
            "prohibit_public_ip_on_vnic": false,
            "route_table_id": "ocid1.routetable.oc1.phx.aaaaaaaa34seqoezb6ytqf7zbza75obulqpjtpsxkyrgwx577rogj6yqrdga",
            "security_list_ids": [
              "ocid1.securitylist.oc1.phx.aaaaaaaann6pwdg57huuzfpurtgzimvj6432v2ozbsetgzqpntwaffbiaoza"
            ],
            "state": "AVAILABLE",
            "subnet_domain_name": null,
            "time_created": "2023-08-20 18:39:46.534 +0000 UTC",
            "timeouts": null,
            "vcn_id": "ocid1.vcn.oc1.phx.amaaaaaa76s4kxqayctrqv4anogmnmvoh4ze2eu5vsygthwj4w55wd4ypxdq",
            "virtual_router_ip": "10.0.0.1",
            "virtual_router_mac": "00:00:17:0C:17:FA"
          },
          "sensitive_attributes": [],
          "private": "eyJlMmJmYjczMC1lY2FhLTExZTYtOGY4OC0zNDM2M2JjN2M0YzAiOnsiY3JlYXRlIjoxMjAwMDAwMDAwMDAwLCJkZWxldGUiOjEyMDAwMDAwMDAwMDAsInVwZGF0ZSI6MTIwMDAwMDAwMDAwMH19",
          "dependencies": [
            "module.vcn.oci_core_internet_gateway.ig",
            "module.vcn.oci_core_route_table.ig",
            "module.vcn.oci_core_vcn.vcn",
            "oci_core_security_list.public-security-list"
          ]
        }
      ]
    },
    {
      "module": "module.vcn",
      "mode": "data",
      "type": "oci_core_services",
      "name": "all_oci_services",
      "provider": "provider[\"registry.terraform.io/oracle/oci\"]",
      "instances": [
        {
          "index_key": 0,
          "schema_version": 0,
          "attributes": {
            "filter": [
              {
                "name": "name",
                "regex": true,
                "values": [
                  "All .* Services In Oracle Services Network"
                ]
              }
            ],
            "id": "CoreServicesDataSource-0",
            "services": [
              {
                "cidr_block": "all-phx-services-in-oracle-services-network",
                "description": "All PHX Services In Oracle Services Network",
                "id": "ocid1.service.oc1.phx.aaaaaaaasgvxtsqcj2jkt2xppos637xym4ab5qqqptgwjd4guj7v3d26t7oa",
                "name": "All PHX Services In Oracle Services Network"
              }
            ]
          },
          "sensitive_attributes": []
        }
      ]
    },
    {
      "module": "module.vcn",
      "mode": "managed",
      "type": "oci_core_default_security_list",
      "name": "lockdown",
      "provider": "provider[\"registry.terraform.io/oracle/oci\"]",
      "instances": [
        {
          "index_key": 0,
          "schema_version": 0,
          "attributes": {
            "compartment_id": "ocid1.compartment.oc1..aaaaaaaas2j62n7ij4soayhlbezqzngwazedpc6mqheyblaxsut6sosejlbq",
            "defined_tags": {
              "Oracle-Tags.CreatedBy": "default/alejillolopera@hotmail.com",
              "Oracle-Tags.CreatedOn": "2023-08-20T18:39:42.784Z"
            },
            "display_name": "Default Security List for vcnalejandro",
            "egress_security_rules": [],
            "freeform_tags": {
              "module": "oracle-terraform-modules/vcn/oci",
              "terraformed": "Please do not edit manually"
            },
            "id": "ocid1.securitylist.oc1.phx.aaaaaaaadoramtic4wqh6f74smrg5vtf3ixfnyhq5eginoj2mrkvtxligovq",
            "ingress_security_rules": [],
            "manage_default_resource_id": "ocid1.securitylist.oc1.phx.aaaaaaaadoramtic4wqh6f74smrg5vtf3ixfnyhq5eginoj2mrkvtxligovq",
            "state": "AVAILABLE",
            "time_created": "2023-08-20 18:39:42.902 +0000 UTC",
            "timeouts": null
          },
          "sensitive_attributes": [],
          "private": "eyJlMmJmYjczMC1lY2FhLTExZTYtOGY4OC0zNDM2M2JjN2M0YzAiOnsiY3JlYXRlIjoxMjAwMDAwMDAwMDAwLCJkZWxldGUiOjEyMDAwMDAwMDAwMDAsInVwZGF0ZSI6MTIwMDAwMDAwMDAwMH19",
          "dependencies": [
            "module.vcn.oci_core_vcn.vcn"
          ]
        }
      ]
    },
    {
      "module": "module.vcn",
      "mode": "managed",
      "type": "oci_core_internet_gateway",
      "name": "ig",
      "provider": "provider[\"registry.terraform.io/oracle/oci\"]",
      "instances": [
        {
          "index_key": 0,
          "schema_version": 0,
          "attributes": {
            "compartment_id": "ocid1.compartment.oc1..aaaaaaaas2j62n7ij4soayhlbezqzngwazedpc6mqheyblaxsut6sosejlbq",
            "defined_tags": {
              "Oracle-Tags.CreatedBy": "default/alejillolopera@hotmail.com",
              "Oracle-Tags.CreatedOn": "2023-08-20T18:39:44.563Z"
            },
            "display_name": "internet-gateway",
            "enabled": true,
            "freeform_tags": {
              "module": "oracle-terraform-modules/vcn/oci",
              "terraformed": "Please do not edit manually"
            },
            "id": "ocid1.internetgateway.oc1.phx.aaaaaaaawofwzx6tm3mjcj72tkomxmz72erffoodylzhps7hrjto5mpfscmq",
            "route_table_id": null,
            "state": "AVAILABLE",
            "time_created": "2023-08-20 18:39:44.607 +0000 UTC",
            "timeouts": null,
            "vcn_id": "ocid1.vcn.oc1.phx.amaaaaaa76s4kxqayctrqv4anogmnmvoh4ze2eu5vsygthwj4w55wd4ypxdq"
          },
          "sensitive_attributes": [],
          "private": "eyJlMmJmYjczMC1lY2FhLTExZTYtOGY4OC0zNDM2M2JjN2M0YzAiOnsiY3JlYXRlIjoxMjAwMDAwMDAwMDAwLCJkZWxldGUiOjEyMDAwMDAwMDAwMDAsInVwZGF0ZSI6MTIwMDAwMDAwMDAwMH19",
          "dependencies": [
            "module.vcn.oci_core_vcn.vcn"
          ]
        }
      ]
    },
    {
      "module": "module.vcn",
      "mode": "managed",
      "type": "oci_core_nat_gateway",
      "name": "nat_gateway",
      "provider": "provider[\"registry.terraform.io/oracle/oci\"]",
      "instances": [
        {
          "index_key": 0,
          "schema_version": 0,
          "attributes": {
            "block_traffic": false,
            "compartment_id": "ocid1.compartment.oc1..aaaaaaaas2j62n7ij4soayhlbezqzngwazedpc6mqheyblaxsut6sosejlbq",
            "defined_tags": {
              "Oracle-Tags.CreatedBy": "default/alejillolopera@hotmail.com",
              "Oracle-Tags.CreatedOn": "2023-08-20T18:39:44.557Z"
            },
            "display_name": "nat-gateway",
            "freeform_tags": {
              "module": "oracle-terraform-modules/vcn/oci",
              "terraformed": "Please do not edit manually"
            },
            "id": "ocid1.natgateway.oc1.phx.aaaaaaaa65khzttaecwf4ej4w2clmcxcs7rfjxfv7emgu2g2horvo3puprzq",
            "nat_ip": "129.153.223.33",
            "public_ip_id": "ocid1.publicip.oc1.phx.aaaaaaaa2774jinvpcwrfy6zlynd2haqtrcztqji5vwunvexg7l2vc3xd6ka",
            "route_table_id": null,
            "state": "AVAILABLE",
            "time_created": "2023-08-20 18:39:44.942 +0000 UTC",
            "timeouts": null,
            "vcn_id": "ocid1.vcn.oc1.phx.amaaaaaa76s4kxqayctrqv4anogmnmvoh4ze2eu5vsygthwj4w55wd4ypxdq"
          },
          "sensitive_attributes": [],
          "private": "eyJlMmJmYjczMC1lY2FhLTExZTYtOGY4OC0zNDM2M2JjN2M0YzAiOnsiY3JlYXRlIjoxMjAwMDAwMDAwMDAwLCJkZWxldGUiOjEyMDAwMDAwMDAwMDAsInVwZGF0ZSI6MTIwMDAwMDAwMDAwMH19",
          "dependencies": [
            "module.vcn.oci_core_vcn.vcn"
          ]
        }
      ]
    },
    {
      "module": "module.vcn",
      "mode": "managed",
      "type": "oci_core_route_table",
      "name": "ig",
      "provider": "provider[\"registry.terraform.io/oracle/oci\"]",
      "instances": [
        {
          "index_key": 0,
          "schema_version": 0,
          "attributes": {
            "compartment_id": "ocid1.compartment.oc1..aaaaaaaas2j62n7ij4soayhlbezqzngwazedpc6mqheyblaxsut6sosejlbq",
            "defined_tags": {
              "Oracle-Tags.CreatedBy": "default/alejillolopera@hotmail.com",
              "Oracle-Tags.CreatedOn": "2023-08-20T18:39:45.608Z"
            },
            "display_name": "internet-route",
            "freeform_tags": {
              "module": "oracle-terraform-modules/vcn/oci",
              "terraformed": "Please do not edit manually"
            },
            "id": "ocid1.routetable.oc1.phx.aaaaaaaa34seqoezb6ytqf7zbza75obulqpjtpsxkyrgwx577rogj6yqrdga",
            "route_rules": [
              {
                "cidr_block": "",
                "description": "Terraformed - Auto-generated at Internet Gateway creation: Internet Gateway as default gateway",
                "destination": "0.0.0.0/0",
                "destination_type": "CIDR_BLOCK",
                "network_entity_id": "ocid1.internetgateway.oc1.phx.aaaaaaaawofwzx6tm3mjcj72tkomxmz72erffoodylzhps7hrjto5mpfscmq",
                "route_type": ""
              }
            ],
            "state": "AVAILABLE",
            "time_created": "2023-08-20 18:39:45.641 +0000 UTC",
            "timeouts": null,
            "vcn_id": "ocid1.vcn.oc1.phx.amaaaaaa76s4kxqayctrqv4anogmnmvoh4ze2eu5vsygthwj4w55wd4ypxdq"
          },
          "sensitive_attributes": [],
          "private": "eyJlMmJmYjczMC1lY2FhLTExZTYtOGY4OC0zNDM2M2JjN2M0YzAiOnsiY3JlYXRlIjoxMjAwMDAwMDAwMDAwLCJkZWxldGUiOjEyMDAwMDAwMDAwMDAsInVwZGF0ZSI6MTIwMDAwMDAwMDAwMH19",
          "dependencies": [
            "module.vcn.oci_core_internet_gateway.ig",
            "module.vcn.oci_core_vcn.vcn"
          ]
        }
      ]
    },
    {
      "module": "module.vcn",
      "mode": "managed",
      "type": "oci_core_route_table",
      "name": "nat",
      "provider": "provider[\"registry.terraform.io/oracle/oci\"]",
      "instances": [
        {
          "index_key": 0,
          "schema_version": 0,
          "attributes": {
            "compartment_id": "ocid1.compartment.oc1..aaaaaaaas2j62n7ij4soayhlbezqzngwazedpc6mqheyblaxsut6sosejlbq",
            "defined_tags": {
              "Oracle-Tags.CreatedBy": "default/alejillolopera@hotmail.com",
              "Oracle-Tags.CreatedOn": "2023-08-20T18:39:46.780Z"
            },
            "display_name": "nat-route",
            "freeform_tags": {
              "module": "oracle-terraform-modules/vcn/oci",
              "terraformed": "Please do not edit manually"
            },
            "id": "ocid1.routetable.oc1.phx.aaaaaaaa7qsbnmypz3uqrwbwhu6i43q3zrlexal5b3vmpth2vdvehzfkygiq",
            "route_rules": [
              {
                "cidr_block": "",
                "description": "Terraformed - Auto-generated at NAT Gateway creation: NAT Gateway as default gateway",
                "destination": "0.0.0.0/0",
                "destination_type": "CIDR_BLOCK",
                "network_entity_id": "ocid1.natgateway.oc1.phx.aaaaaaaa65khzttaecwf4ej4w2clmcxcs7rfjxfv7emgu2g2horvo3puprzq",
                "route_type": ""
              }
            ],
            "state": "AVAILABLE",
            "time_created": "2023-08-20 18:39:46.809 +0000 UTC",
            "timeouts": null,
            "vcn_id": "ocid1.vcn.oc1.phx.amaaaaaa76s4kxqayctrqv4anogmnmvoh4ze2eu5vsygthwj4w55wd4ypxdq"
          },
          "sensitive_attributes": [],
          "private": "eyJlMmJmYjczMC1lY2FhLTExZTYtOGY4OC0zNDM2M2JjN2M0YzAiOnsiY3JlYXRlIjoxMjAwMDAwMDAwMDAwLCJkZWxldGUiOjEyMDAwMDAwMDAwMDAsInVwZGF0ZSI6MTIwMDAwMDAwMDAwMH19",
          "dependencies": [
            "module.vcn.oci_core_nat_gateway.nat_gateway",
            "module.vcn.oci_core_vcn.vcn"
          ]
        }
      ]
    },
    {
      "module": "module.vcn",
      "mode": "managed",
      "type": "oci_core_route_table",
      "name": "service_gw",
      "provider": "provider[\"registry.terraform.io/oracle/oci\"]",
      "instances": [
        {
          "index_key": 0,
          "schema_version": 0,
          "attributes": {
            "compartment_id": "ocid1.compartment.oc1..aaaaaaaas2j62n7ij4soayhlbezqzngwazedpc6mqheyblaxsut6sosejlbq",
            "defined_tags": {
              "Oracle-Tags.CreatedBy": "default/alejillolopera@hotmail.com",
              "Oracle-Tags.CreatedOn": "2023-08-20T18:39:46.688Z"
            },
            "display_name": "service-gw-route",
            "freeform_tags": {
              "module": "oracle-terraform-modules/vcn/oci",
              "terraformed": "Please do not edit manually"
            },
            "id": "ocid1.routetable.oc1.phx.aaaaaaaa5ac4q6eyuggtpykntiw4gpgkif6vvadvx5shrmxt7hd7p5zhvoya",
            "route_rules": [
              {
                "cidr_block": "",
                "description": "Terraformed - Auto-generated at Service Gateway creation: All Services in region to Service Gateway",
                "destination": "all-phx-services-in-oracle-services-network",
                "destination_type": "SERVICE_CIDR_BLOCK",
                "network_entity_id": "ocid1.servicegateway.oc1.phx.aaaaaaaafjohtlrk4uo24iplgspjfy76owahexkf47o2s4uyohe7opr7xdcq",
                "route_type": ""
              }
            ],
            "state": "AVAILABLE",
            "time_created": "2023-08-20 18:39:46.71 +0000 UTC",
            "timeouts": null,
            "vcn_id": "ocid1.vcn.oc1.phx.amaaaaaa76s4kxqayctrqv4anogmnmvoh4ze2eu5vsygthwj4w55wd4ypxdq"
          },
          "sensitive_attributes": [],
          "private": "eyJlMmJmYjczMC1lY2FhLTExZTYtOGY4OC0zNDM2M2JjN2M0YzAiOnsiY3JlYXRlIjoxMjAwMDAwMDAwMDAwLCJkZWxldGUiOjEyMDAwMDAwMDAwMDAsInVwZGF0ZSI6MTIwMDAwMDAwMDAwMH19",
          "dependencies": [
            "module.vcn.data.oci_core_services.all_oci_services",
            "module.vcn.oci_core_service_gateway.service_gateway",
            "module.vcn.oci_core_vcn.vcn"
          ]
        }
      ]
    },
    {
      "module": "module.vcn",
      "mode": "managed",
      "type": "oci_core_service_gateway",
      "name": "service_gateway",
      "provider": "provider[\"registry.terraform.io/oracle/oci\"]",
      "instances": [
        {
          "index_key": 0,
          "schema_version": 0,
          "attributes": {
            "block_traffic": false,
            "compartment_id": "ocid1.compartment.oc1..aaaaaaaas2j62n7ij4soayhlbezqzngwazedpc6mqheyblaxsut6sosejlbq",
            "defined_tags": {
              "Oracle-Tags.CreatedBy": "default/alejillolopera@hotmail.com",
              "Oracle-Tags.CreatedOn": "2023-08-20T18:39:44.146Z"
            },
            "display_name": "service-gateway",
            "freeform_tags": {
              "module": "oracle-terraform-modules/vcn/oci",
              "terraformed": "Please do not edit manually"
            },
            "id": "ocid1.servicegateway.oc1.phx.aaaaaaaafjohtlrk4uo24iplgspjfy76owahexkf47o2s4uyohe7opr7xdcq",
            "route_table_id": null,
            "services": [
              {
                "service_id": "ocid1.service.oc1.phx.aaaaaaaasgvxtsqcj2jkt2xppos637xym4ab5qqqptgwjd4guj7v3d26t7oa",
                "service_name": "All PHX Services In Oracle Services Network"
              }
            ],
            "state": "AVAILABLE",
            "time_created": "2023-08-20 18:39:44.992 +0000 UTC",
            "timeouts": null,
            "vcn_id": "ocid1.vcn.oc1.phx.amaaaaaa76s4kxqayctrqv4anogmnmvoh4ze2eu5vsygthwj4w55wd4ypxdq"
          },
          "sensitive_attributes": [],
          "private": "eyJlMmJmYjczMC1lY2FhLTExZTYtOGY4OC0zNDM2M2JjN2M0YzAiOnsiY3JlYXRlIjoxMjAwMDAwMDAwMDAwLCJkZWxldGUiOjEyMDAwMDAwMDAwMDAsInVwZGF0ZSI6MTIwMDAwMDAwMDAwMH19",
          "dependencies": [
            "module.vcn.data.oci_core_services.all_oci_services",
            "module.vcn.oci_core_vcn.vcn"
          ]
        }
      ]
    },
    {
      "module": "module.vcn",
      "mode": "managed",
      "type": "oci_core_vcn",
      "name": "vcn",
      "provider": "provider[\"registry.terraform.io/oracle/oci\"]",
      "instances": [
        {
          "schema_version": 0,
          "attributes": {
            "byoipv6cidr_blocks": [],
            "byoipv6cidr_details": null,
            "cidr_block": "10.0.0.0/16",
            "cidr_blocks": [
              "10.0.0.0/16"
            ],
            "compartment_id": "ocid1.compartment.oc1..aaaaaaaas2j62n7ij4soayhlbezqzngwazedpc6mqheyblaxsut6sosejlbq",
            "default_dhcp_options_id": "ocid1.dhcpoptions.oc1.phx.aaaaaaaayhw6ffcptmdybrblhyovvwynr54f35hei52apmdh2xnag5nyfebq",
            "default_route_table_id": "ocid1.routetable.oc1.phx.aaaaaaaajeyh3h3pkbwhqyyj4zuqnujrkaxynxqudh7ibiwg2amamjo66fta",
            "default_security_list_id": "ocid1.securitylist.oc1.phx.aaaaaaaadoramtic4wqh6f74smrg5vtf3ixfnyhq5eginoj2mrkvtxligovq",
            "defined_tags": {
              "Oracle-Tags.CreatedBy": "default/alejillolopera@hotmail.com",
              "Oracle-Tags.CreatedOn": "2023-08-20T18:39:42.784Z"
            },
            "display_name": "vcnalejandro",
            "dns_label": "vcnalejandro",
            "freeform_tags": {
              "module": "oracle-terraform-modules/vcn/oci",
              "terraformed": "Please do not edit manually"
            },
            "id": "ocid1.vcn.oc1.phx.amaaaaaa76s4kxqayctrqv4anogmnmvoh4ze2eu5vsygthwj4w55wd4ypxdq",
            "ipv6cidr_blocks": [],
            "ipv6private_cidr_blocks": [],
            "is_ipv6enabled": false,
            "is_oracle_gua_allocation_enabled": null,
            "state": "AVAILABLE",
            "time_created": "2023-08-20 18:39:42.902 +0000 UTC",
            "timeouts": null,
            "vcn_domain_name": "vcnalejandro.oraclevcn.com"
          },
          "sensitive_attributes": [],
          "private": "eyJlMmJmYjczMC1lY2FhLTExZTYtOGY4OC0zNDM2M2JjN2M0YzAiOnsiY3JlYXRlIjoxMjAwMDAwMDAwMDAwLCJkZWxldGUiOjEyMDAwMDAwMDAwMDAsInVwZGF0ZSI6MTIwMDAwMDAwMDAwMH19"
        }
      ]
    }
  ],
  "check_results": null
}
